
Microsoft Visual Studio Solution File, Format Version 12.00
# Visual Studio Version 17
VisualStudioVersion = 17.0.31903.59
MinimumVisualStudioVersion = 10.0.40219.1
Project("{FAE04EC0-301F-11D3-BF4B-00C04F79EFBC}") = "PasswordListing", "PasswordListing\PasswordListing.csproj", "{F63CAA34-78CA-43B8-B817-B0E8B294E570}"
EndProject
Project("{FAE04EC0-301F-11D3-BF4B-00C04F79EFBC}") = "PasswordListing.Tests", "PasswordListing.Tests\PasswordListing.Tests.csproj", "{7BD8161F-1F47-471C-B56A-07886DE336F9}"
EndProject
Project("{FAE04EC0-301F-11D3-BF4B-00C04F79EFBC}") = "PasswordListing.Domain", "PasswordListing.Domain\PasswordListing.Domain.csproj", "{2FC966C0-4438-4F09-ADDE-ED6E2AEEC458}"
EndProject
Project("{FAE04EC0-301F-11D3-BF4B-00C04F79EFBC}") = "PasswordListing.Application", "PasswordListing.Application\PasswordListing.Application.csproj", "{B62AB36C-D6F1-4FC7-9FF8-C4588081C118}"
EndProject
Project("{FAE04EC0-301F-11D3-BF4B-00C04F79EFBC}") = "PasswordListing.Infrastructure", "PasswordListing.Infrastructure\PasswordListing.Infrastructure.csproj", "{9B13501D-631F-41FF-8A1D-3FB7DCAAC10D}"
EndProject
Global
	GlobalSection(SolutionConfigurationPlatforms) = preSolution
		Debug|Any CPU = Debug|Any CPU
		Release|Any CPU = Release|Any CPU
	EndGlobalSection
	GlobalSection(ProjectConfigurationPlatforms) = postSolution
		{F63CAA34-78CA-43B8-B817-B0E8B294E570}.Debug|Any CPU.ActiveCfg = Debug|Any CPU
		{F63CAA34-78CA-43B8-B817-B0E8B294E570}.Debug|Any CPU.Build.0 = Debug|Any CPU
		{F63CAA34-78CA-43B8-B817-B0E8B294E570}.Release|Any CPU.ActiveCfg = Release|Any CPU
		{F63CAA34-78CA-43B8-B817-B0E8B294E570}.Release|Any CPU.Build.0 = Release|Any CPU
		{7BD8161F-1F47-471C-B56A-07886DE336F9}.Debug|Any CPU.ActiveCfg = Debug|Any CPU
		{7BD8161F-1F47-471C-B56A-07886DE336F9}.Debug|Any CPU.Build.0 = Debug|Any CPU
		{7BD8161F-1F47-471C-B56A-07886DE336F9}.Release|Any CPU.ActiveCfg = Release|Any CPU
		{7BD8161F-1F47-471C-B56A-07886DE336F9}.Release|Any CPU.Build.0 = Release|Any CPU
		{2FC966C0-4438-4F09-ADDE-ED6E2AEEC458}.Debug|Any CPU.ActiveCfg = Debug|Any CPU
		{2FC966C0-4438-4F09-ADDE-ED6E2AEEC458}.Debug|Any CPU.Build.0 = Debug|Any CPU
		{2FC966C0-4438-4F09-ADDE-ED6E2AEEC458}.Release|Any CPU.ActiveCfg = Release|Any CPU
		{2FC966C0-4438-4F09-ADDE-ED6E2AEEC458}.Release|Any CPU.Build.0 = Release|Any CPU
		{B62AB36C-D6F1-4FC7-9FF8-C4588081C118}.Debug|Any CPU.ActiveCfg = Debug|Any CPU
		{B62AB36C-D6F1-4FC7-9FF8-C4588081C118}.Debug|Any CPU.Build.0 = Debug|Any CPU
		{B62AB36C-D6F1-4FC7-9FF8-C4588081C118}.Release|Any CPU.ActiveCfg = Release|Any CPU
		{B62AB36C-D6F1-4FC7-9FF8-C4588081C118}.Release|Any CPU.Build.0 = Release|Any CPU
		{9B13501D-631F-41FF-8A1D-3FB7DCAAC10D}.Debug|Any CPU.ActiveCfg = Debug|Any CPU
		{9B13501D-631F-41FF-8A1D-3FB7DCAAC10D}.Debug|Any CPU.Build.0 = Debug|Any CPU
		{9B13501D-631F-41FF-8A1D-3FB7DCAAC10D}.Release|Any CPU.ActiveCfg = Release|Any CPU
		{9B13501D-631F-41FF-8A1D-3FB7DCAAC10D}.Release|Any CPU.Build.0 = Release|Any CPU
	EndGlobalSection
	GlobalSection(SolutionProperties) = preSolution
		HideSolutionNode = FALSE
	EndGlobalSection
EndGlobal
